
Microsoft Visual Studio Solution File, Format Version 12.00
# Visual Studio Version 16
VisualStudioVersion = 16.0.29926.136
MinimumVisualStudioVersion = 10.0.40219.1
Project("{9A19103F-16F7-4668-BE54-9A1E7A4F7556}") = "DetailedTerrain", "DetailedTerrain\DetailedTerrain.csproj", "{BB89BFCA-3A37-4EED-AF35-A322C6164F0A}"
EndProject
Global
	GlobalSection(SolutionConfigurationPlatforms) = preSolution
		Debug|Any CPU = Debug|Any CPU
		Release|Any CPU = Release|Any CPU
		Workshop|Any CPU = Workshop|Any CPU
	EndGlobalSection
	GlobalSection(ProjectConfigurationPlatforms) = postSolution
		{BB89BFCA-3A37-4EED-AF35-A322C6164F0A}.Debug|Any CPU.ActiveCfg = Debug|Any CPU
		{BB89BFCA-3A37-4EED-AF35-A322C6164F0A}.Debug|Any CPU.Build.0 = Debug|Any CPU
		{BB89BFCA-3A37-4EED-AF35-A322C6164F0A}.Release|Any CPU.ActiveCfg = Release|Any CPU
		{BB89BFCA-3A37-4EED-AF35-A322C6164F0A}.Release|Any CPU.Build.0 = Release|Any CPU
		{BB89BFCA-3A37-4EED-AF35-A322C6164F0A}.Workshop|Any CPU.ActiveCfg = Workshop|Any CPU
		{BB89BFCA-3A37-4EED-AF35-A322C6164F0A}.Workshop|Any CPU.Build.0 = Workshop|Any CPU
	EndGlobalSection
	GlobalSection(SolutionProperties) = preSolution
		HideSolutionNode = FALSE
	EndGlobalSection
	GlobalSection(ExtensibilityGlobals) = postSolution
		SolutionGuid = {42F4779E-2B33-46D4-9668-12C9FBB72487}
	EndGlobalSection
EndGlobal
